
Microsoft Visual Studio Solution File, Format Version 12.00
# Visual Studio Version 17
VisualStudioVersion = 17.0.31903.59
MinimumVisualStudioVersion = 10.0.40219.1
Project("{F2A71F9B-5D33-465A-A702-920D77279786}") = "GPU.Compute", "GPU.Compute.fsproj", "{3EF5120E-34C5-482F-BBB2-04D48C8933C4}"
EndProject
Project("{F2A71F9B-5D33-465A-A702-920D77279786}") = "Server", "Server.fsproj", "{4CAD1B86-1CB3-40C9-AB86-121CD879479B}"
EndProject
Global
	GlobalSection(SolutionConfigurationPlatforms) = preSolution
		Debug|Any CPU = Debug|Any CPU
		Release|Any CPU = Release|Any CPU
	EndGlobalSection
	GlobalSection(SolutionProperties) = preSolution
		HideSolutionNode = FALSE
	EndGlobalSection
	GlobalSection(ProjectConfigurationPlatforms) = postSolution
		{3EF5120E-34C5-482F-BBB2-04D48C8933C4}.Debug|Any CPU.ActiveCfg = Debug|Any CPU
		{3EF5120E-34C5-482F-BBB2-04D48C8933C4}.Debug|Any CPU.Build.0 = Debug|Any CPU
		{3EF5120E-34C5-482F-BBB2-04D48C8933C4}.Release|Any CPU.ActiveCfg = Release|Any CPU
		{3EF5120E-34C5-482F-BBB2-04D48C8933C4}.Release|Any CPU.Build.0 = Release|Any CPU
		{4CAD1B86-1CB3-40C9-AB86-121CD879479B}.Debug|Any CPU.ActiveCfg = Debug|Any CPU
		{4CAD1B86-1CB3-40C9-AB86-121CD879479B}.Debug|Any CPU.Build.0 = Debug|Any CPU
		{4CAD1B86-1CB3-40C9-AB86-121CD879479B}.Release|Any CPU.ActiveCfg = Release|Any CPU
		{4CAD1B86-1CB3-40C9-AB86-121CD879479B}.Release|Any CPU.Build.0 = Release|Any CPU
	EndGlobalSection
EndGlobal
